
Microsoft Visual Studio Solution File, Format Version 12.00
# Visual Studio Version 16
VisualStudioVersion = 16.0.31105.61
MinimumVisualStudioVersion = 10.0.40219.1
Project("{9A19103F-16F7-4668-BE54-9A1E7A4F7556}") = "RazorPages", "RazorPages\RazorPages.csproj", "{BFEAA441-E124-4FBC-9511-363B7B1BBD5C}"
EndProject
Project("{FAE04EC0-301F-11D3-BF4B-00C04F79EFBC}") = "MVCTodoApp", "MVCTodoApp\MVCTodoApp.csproj", "{80333F66-A5F8-43D4-984B-DCD18CE7737E}"
EndProject
Global
	GlobalSection(SolutionConfigurationPlatforms) = preSolution
		Debug|Any CPU = Debug|Any CPU
		Release|Any CPU = Release|Any CPU
	EndGlobalSection
	GlobalSection(ProjectConfigurationPlatforms) = postSolution
		{BFEAA441-E124-4FBC-9511-363B7B1BBD5C}.Debug|Any CPU.ActiveCfg = Debug|Any CPU
		{BFEAA441-E124-4FBC-9511-363B7B1BBD5C}.Debug|Any CPU.Build.0 = Debug|Any CPU
		{BFEAA441-E124-4FBC-9511-363B7B1BBD5C}.Release|Any CPU.ActiveCfg = Release|Any CPU
		{BFEAA441-E124-4FBC-9511-363B7B1BBD5C}.Release|Any CPU.Build.0 = Release|Any CPU
		{80333F66-A5F8-43D4-984B-DCD18CE7737E}.Debug|Any CPU.ActiveCfg = Debug|Any CPU
		{80333F66-A5F8-43D4-984B-DCD18CE7737E}.Debug|Any CPU.Build.0 = Debug|Any CPU
		{80333F66-A5F8-43D4-984B-DCD18CE7737E}.Release|Any CPU.ActiveCfg = Release|Any CPU
		{80333F66-A5F8-43D4-984B-DCD18CE7737E}.Release|Any CPU.Build.0 = Release|Any CPU
	EndGlobalSection
	GlobalSection(SolutionProperties) = preSolution
		HideSolutionNode = FALSE
	EndGlobalSection
	GlobalSection(ExtensibilityGlobals) = postSolution
		SolutionGuid = {682FCABB-4932-465B-85F4-15E616B67D8A}
	EndGlobalSection
EndGlobal
